
Microsoft Visual Studio Solution File, Format Version 12.00
# Visual Studio Version 16
VisualStudioVersion = 16.0.30413.136
MinimumVisualStudioVersion = 10.0.40219.1
Project("{2150E333-8FDC-42A3-9474-1A3956D46DE8}") = "src", "src", "{82D9FEDD-5EAF-4593-ADDA-F3CBC037071C}"
EndProject
Project("{2150E333-8FDC-42A3-9474-1A3956D46DE8}") = "Building Blocks", "Building Blocks", "{55C33BA7-F822-4EE9-B077-280C455FB8D0}"
EndProject
Project("{2150E333-8FDC-42A3-9474-1A3956D46DE8}") = "Services", "Services", "{C6E2B7A4-03D4-48A8-923C-41AFF69CFC56}"
EndProject
Project("{2150E333-8FDC-42A3-9474-1A3956D46DE8}") = "Web", "Web", "{63A9664B-15A6-4FAB-9AA3-8802AE5174F3}"
EndProject
Project("{2150E333-8FDC-42A3-9474-1A3956D46DE8}") = "Identity", "Identity", "{F684E391-EA88-4975-91A4-5AC71B8BCA8C}"
EndProject
Project("{9A19103F-16F7-4668-BE54-9A1E7A4F7556}") = "NSE.Identity.API", "src\services\NSE.Identity.API\NSE.Identity.API.csproj", "{70270EB1-A5A8-4D07-9E4A-00CBE6671096}"
EndProject
Project("{2150E333-8FDC-42A3-9474-1A3956D46DE8}") = "MVC", "MVC", "{07FF0D6F-A64B-4F61-8762-D73A77920F94}"
EndProject
Project("{9A19103F-16F7-4668-BE54-9A1E7A4F7556}") = "NSE.WebApp.MVC", "src\web\NSE.WebApp.MVC\NSE.WebApp.MVC.csproj", "{7B86D15E-4447-4276-86D1-CD745436BAA7}"
EndProject
Project("{2150E333-8FDC-42A3-9474-1A3956D46DE8}") = "Core", "Core", "{F5705371-9483-414B-9727-1C725C41F100}"
EndProject
Project("{9A19103F-16F7-4668-BE54-9A1E7A4F7556}") = "NSE.Core", "src\buildingblocks\NSE.Core\NSE.Core.csproj", "{6A44B7CE-B27D-4203-949A-36642DC93A6A}"
EndProject
Project("{2150E333-8FDC-42A3-9474-1A3956D46DE8}") = "Basket", "Basket", "{FFE0F7C5-4D1C-4A5D-8B6A-7C5592C377B3}"
EndProject
Project("{2150E333-8FDC-42A3-9474-1A3956D46DE8}") = "Catalog", "Catalog", "{954FE4D5-3B48-4D0E-A5D3-840D4F2F4321}"
EndProject
Project("{9A19103F-16F7-4668-BE54-9A1E7A4F7556}") = "NSE.Catalog.API", "src\services\NSE.Catalog.API\NSE.Catalog.API.csproj", "{7A971D80-3DF3-4998-8A29-F66EEAC2215D}"
EndProject
Project("{2150E333-8FDC-42A3-9474-1A3956D46DE8}") = "Client", "Client", "{8CD37E2C-69C3-4363-A096-2A6E995735FC}"
EndProject
Project("{9A19103F-16F7-4668-BE54-9A1E7A4F7556}") = "NSE.Client.API", "src\services\NSE.Client.API\NSE.Client.API.csproj", "{7CA36E81-A6D3-4E7E-B686-E17226C6E139}"
EndProject
Project("{2150E333-8FDC-42A3-9474-1A3956D46DE8}") = "Payment", "Payment", "{16CCE95D-25CE-412A-BE56-FF98320DF6C8}"
EndProject
Project("{2150E333-8FDC-42A3-9474-1A3956D46DE8}") = "Order", "Order", "{65528A22-ACA3-46BE-A241-24EC7A9A5D24}"
EndProject
Project("{2150E333-8FDC-42A3-9474-1A3956D46DE8}") = "Services", "Services", "{C8A7D093-F175-4D2E-97E3-DBDDC6A24311}"
EndProject
Project("{9A19103F-16F7-4668-BE54-9A1E7A4F7556}") = "NSE.WebAPI.Core", "src\buildingblocks\NSE.WebAPI.Core\NSE.WebAPI.Core.csproj", "{0E6A3982-CC54-4EAC-86E7-FDD2A62AE1CA}"
EndProject
Project("{2150E333-8FDC-42A3-9474-1A3956D46DE8}") = "MessageBus", "MessageBus", "{978E0550-3982-4851-84EC-74EF1FE16E94}"
EndProject
Project("{9A19103F-16F7-4668-BE54-9A1E7A4F7556}") = "NSE.MessageBus", "src\buildingblocks\NSE.MessageBus\NSE.MessageBus.csproj", "{563145FE-FC20-4CE5-B2B3-748129EF9EF8}"
EndProject
Project("{2150E333-8FDC-42A3-9474-1A3956D46DE8}") = "ApiGateways", "ApiGateways", "{8BE158F8-4AC2-4645-82A4-2B6F41733021}"
EndProject
Project("{2150E333-8FDC-42A3-9474-1A3956D46DE8}") = "Compras", "Compras", "{A33A8908-D2AF-4113-893D-31A2EE9ED6B1}"
EndProject
Project("{9A19103F-16F7-4668-BE54-9A1E7A4F7556}") = "NSE.Bff.Compras", "src\api gateways\NSE.Bff.Compras\NSE.Bff.Compras.csproj", "{38F16C83-CCDC-4358-8FD0-73076FB16FD2}"
EndProject
Project("{9A19103F-16F7-4668-BE54-9A1E7A4F7556}") = "NSE.Pedidos.API", "src\services\NSE.Pedidos.API\NSE.Pedidos.API.csproj", "{48D39B5A-1D88-43A5-81D6-5420D46584F0}"
EndProject
Project("{9A19103F-16F7-4668-BE54-9A1E7A4F7556}") = "NSE.Pedidos.Domain", "src\services\NSE.Pedidos.Domain\NSE.Pedidos.Domain.csproj", "{C569894B-6190-47E9-931B-11D41B05E681}"
EndProject
Project("{9A19103F-16F7-4668-BE54-9A1E7A4F7556}") = "NSE.Pedidos.Infra", "src\services\NSE.Pedidos.Infra\NSE.Pedidos.Infra.csproj", "{771EC8BC-FC12-447D-8889-DC3F85260E0A}"
EndProject
Project("{9A19103F-16F7-4668-BE54-9A1E7A4F7556}") = "NSE.Pagamentos.API", "src\services\NSE.Pagamentos.API\NSE.Pagamentos.API.csproj", "{5CAD954A-B309-4A0C-9A0C-096901D8415C}"
EndProject
Project("{9A19103F-16F7-4668-BE54-9A1E7A4F7556}") = "NSE.Pagamentos.NerdsPag", "src\services\NSE.Pagamentos.NerdsPag\NSE.Pagamentos.NerdsPag.csproj", "{ADF206CE-3074-4E50-97FA-F19A08883038}"
EndProject
Project("{9A19103F-16F7-4668-BE54-9A1E7A4F7556}") = "NSE.Carrinho.API", "src\services\NSE.Basket.API\NSE.Carrinho.API.csproj", "{C07241BD-226C-435F-9EAF-347FC2E2A779}"
EndProject
Global
	GlobalSection(SolutionConfigurationPlatforms) = preSolution
		Debug|Any CPU = Debug|Any CPU
		Release|Any CPU = Release|Any CPU
	EndGlobalSection
	GlobalSection(ProjectConfigurationPlatforms) = postSolution
		{70270EB1-A5A8-4D07-9E4A-00CBE6671096}.Debug|Any CPU.ActiveCfg = Debug|Any CPU
		{70270EB1-A5A8-4D07-9E4A-00CBE6671096}.Debug|Any CPU.Build.0 = Debug|Any CPU
		{70270EB1-A5A8-4D07-9E4A-00CBE6671096}.Release|Any CPU.ActiveCfg = Release|Any CPU
		{70270EB1-A5A8-4D07-9E4A-00CBE6671096}.Release|Any CPU.Build.0 = Release|Any CPU
		{7B86D15E-4447-4276-86D1-CD745436BAA7}.Debug|Any CPU.ActiveCfg = Debug|Any CPU
		{7B86D15E-4447-4276-86D1-CD745436BAA7}.Debug|Any CPU.Build.0 = Debug|Any CPU
		{7B86D15E-4447-4276-86D1-CD745436BAA7}.Release|Any CPU.ActiveCfg = Release|Any CPU
		{7B86D15E-4447-4276-86D1-CD745436BAA7}.Release|Any CPU.Build.0 = Release|Any CPU
		{6A44B7CE-B27D-4203-949A-36642DC93A6A}.Debug|Any CPU.ActiveCfg = Debug|Any CPU
		{6A44B7CE-B27D-4203-949A-36642DC93A6A}.Debug|Any CPU.Build.0 = Debug|Any CPU
		{6A44B7CE-B27D-4203-949A-36642DC93A6A}.Release|Any CPU.ActiveCfg = Release|Any CPU
		{6A44B7CE-B27D-4203-949A-36642DC93A6A}.Release|Any CPU.Build.0 = Release|Any CPU
		{7A971D80-3DF3-4998-8A29-F66EEAC2215D}.Debug|Any CPU.ActiveCfg = Debug|Any CPU
		{7A971D80-3DF3-4998-8A29-F66EEAC2215D}.Debug|Any CPU.Build.0 = Debug|Any CPU
		{7A971D80-3DF3-4998-8A29-F66EEAC2215D}.Release|Any CPU.ActiveCfg = Release|Any CPU
		{7A971D80-3DF3-4998-8A29-F66EEAC2215D}.Release|Any CPU.Build.0 = Release|Any CPU
		{7CA36E81-A6D3-4E7E-B686-E17226C6E139}.Debug|Any CPU.ActiveCfg = Debug|Any CPU
		{7CA36E81-A6D3-4E7E-B686-E17226C6E139}.Debug|Any CPU.Build.0 = Debug|Any CPU
		{7CA36E81-A6D3-4E7E-B686-E17226C6E139}.Release|Any CPU.ActiveCfg = Release|Any CPU
		{7CA36E81-A6D3-4E7E-B686-E17226C6E139}.Release|Any CPU.Build.0 = Release|Any CPU
		{0E6A3982-CC54-4EAC-86E7-FDD2A62AE1CA}.Debug|Any CPU.ActiveCfg = Debug|Any CPU
		{0E6A3982-CC54-4EAC-86E7-FDD2A62AE1CA}.Debug|Any CPU.Build.0 = Debug|Any CPU
		{0E6A3982-CC54-4EAC-86E7-FDD2A62AE1CA}.Release|Any CPU.ActiveCfg = Release|Any CPU
		{0E6A3982-CC54-4EAC-86E7-FDD2A62AE1CA}.Release|Any CPU.Build.0 = Release|Any CPU
		{563145FE-FC20-4CE5-B2B3-748129EF9EF8}.Debug|Any CPU.ActiveCfg = Debug|Any CPU
		{563145FE-FC20-4CE5-B2B3-748129EF9EF8}.Debug|Any CPU.Build.0 = Debug|Any CPU
		{563145FE-FC20-4CE5-B2B3-748129EF9EF8}.Release|Any CPU.ActiveCfg = Release|Any CPU
		{563145FE-FC20-4CE5-B2B3-748129EF9EF8}.Release|Any CPU.Build.0 = Release|Any CPU
		{38F16C83-CCDC-4358-8FD0-73076FB16FD2}.Debug|Any CPU.ActiveCfg = Debug|Any CPU
		{38F16C83-CCDC-4358-8FD0-73076FB16FD2}.Debug|Any CPU.Build.0 = Debug|Any CPU
		{38F16C83-CCDC-4358-8FD0-73076FB16FD2}.Release|Any CPU.ActiveCfg = Release|Any CPU
		{38F16C83-CCDC-4358-8FD0-73076FB16FD2}.Release|Any CPU.Build.0 = Release|Any CPU
		{48D39B5A-1D88-43A5-81D6-5420D46584F0}.Debug|Any CPU.ActiveCfg = Debug|Any CPU
		{48D39B5A-1D88-43A5-81D6-5420D46584F0}.Debug|Any CPU.Build.0 = Debug|Any CPU
		{48D39B5A-1D88-43A5-81D6-5420D46584F0}.Release|Any CPU.ActiveCfg = Release|Any CPU
		{48D39B5A-1D88-43A5-81D6-5420D46584F0}.Release|Any CPU.Build.0 = Release|Any CPU
		{C569894B-6190-47E9-931B-11D41B05E681}.Debug|Any CPU.ActiveCfg = Debug|Any CPU
		{C569894B-6190-47E9-931B-11D41B05E681}.Debug|Any CPU.Build.0 = Debug|Any CPU
		{C569894B-6190-47E9-931B-11D41B05E681}.Release|Any CPU.ActiveCfg = Release|Any CPU
		{C569894B-6190-47E9-931B-11D41B05E681}.Release|Any CPU.Build.0 = Release|Any CPU
		{771EC8BC-FC12-447D-8889-DC3F85260E0A}.Debug|Any CPU.ActiveCfg = Debug|Any CPU
		{771EC8BC-FC12-447D-8889-DC3F85260E0A}.Debug|Any CPU.Build.0 = Debug|Any CPU
		{771EC8BC-FC12-447D-8889-DC3F85260E0A}.Release|Any CPU.ActiveCfg = Release|Any CPU
		{771EC8BC-FC12-447D-8889-DC3F85260E0A}.Release|Any CPU.Build.0 = Release|Any CPU
		{5CAD954A-B309-4A0C-9A0C-096901D8415C}.Debug|Any CPU.ActiveCfg = Debug|Any CPU
		{5CAD954A-B309-4A0C-9A0C-096901D8415C}.Debug|Any CPU.Build.0 = Debug|Any CPU
		{5CAD954A-B309-4A0C-9A0C-096901D8415C}.Release|Any CPU.ActiveCfg = Release|Any CPU
		{5CAD954A-B309-4A0C-9A0C-096901D8415C}.Release|Any CPU.Build.0 = Release|Any CPU
		{ADF206CE-3074-4E50-97FA-F19A08883038}.Debug|Any CPU.ActiveCfg = Debug|Any CPU
		{ADF206CE-3074-4E50-97FA-F19A08883038}.Debug|Any CPU.Build.0 = Debug|Any CPU
		{ADF206CE-3074-4E50-97FA-F19A08883038}.Release|Any CPU.ActiveCfg = Release|Any CPU
		{ADF206CE-3074-4E50-97FA-F19A08883038}.Release|Any CPU.Build.0 = Release|Any CPU
		{C07241BD-226C-435F-9EAF-347FC2E2A779}.Debug|Any CPU.ActiveCfg = Debug|Any CPU
		{C07241BD-226C-435F-9EAF-347FC2E2A779}.Debug|Any CPU.Build.0 = Debug|Any CPU
		{C07241BD-226C-435F-9EAF-347FC2E2A779}.Release|Any CPU.ActiveCfg = Release|Any CPU
		{C07241BD-226C-435F-9EAF-347FC2E2A779}.Release|Any CPU.Build.0 = Release|Any CPU
	EndGlobalSection
	GlobalSection(SolutionProperties) = preSolution
		HideSolutionNode = FALSE
	EndGlobalSection
	GlobalSection(NestedProjects) = preSolution
		{55C33BA7-F822-4EE9-B077-280C455FB8D0} = {82D9FEDD-5EAF-4593-ADDA-F3CBC037071C}
		{C6E2B7A4-03D4-48A8-923C-41AFF69CFC56} = {82D9FEDD-5EAF-4593-ADDA-F3CBC037071C}
		{63A9664B-15A6-4FAB-9AA3-8802AE5174F3} = {82D9FEDD-5EAF-4593-ADDA-F3CBC037071C}
		{F684E391-EA88-4975-91A4-5AC71B8BCA8C} = {C6E2B7A4-03D4-48A8-923C-41AFF69CFC56}
		{70270EB1-A5A8-4D07-9E4A-00CBE6671096} = {F684E391-EA88-4975-91A4-5AC71B8BCA8C}
		{07FF0D6F-A64B-4F61-8762-D73A77920F94} = {63A9664B-15A6-4FAB-9AA3-8802AE5174F3}
		{7B86D15E-4447-4276-86D1-CD745436BAA7} = {07FF0D6F-A64B-4F61-8762-D73A77920F94}
		{F5705371-9483-414B-9727-1C725C41F100} = {55C33BA7-F822-4EE9-B077-280C455FB8D0}
		{6A44B7CE-B27D-4203-949A-36642DC93A6A} = {F5705371-9483-414B-9727-1C725C41F100}
		{FFE0F7C5-4D1C-4A5D-8B6A-7C5592C377B3} = {C6E2B7A4-03D4-48A8-923C-41AFF69CFC56}
		{954FE4D5-3B48-4D0E-A5D3-840D4F2F4321} = {C6E2B7A4-03D4-48A8-923C-41AFF69CFC56}
		{7A971D80-3DF3-4998-8A29-F66EEAC2215D} = {954FE4D5-3B48-4D0E-A5D3-840D4F2F4321}
		{8CD37E2C-69C3-4363-A096-2A6E995735FC} = {C6E2B7A4-03D4-48A8-923C-41AFF69CFC56}
		{7CA36E81-A6D3-4E7E-B686-E17226C6E139} = {8CD37E2C-69C3-4363-A096-2A6E995735FC}
		{16CCE95D-25CE-412A-BE56-FF98320DF6C8} = {C6E2B7A4-03D4-48A8-923C-41AFF69CFC56}
		{65528A22-ACA3-46BE-A241-24EC7A9A5D24} = {C6E2B7A4-03D4-48A8-923C-41AFF69CFC56}
		{C8A7D093-F175-4D2E-97E3-DBDDC6A24311} = {55C33BA7-F822-4EE9-B077-280C455FB8D0}
		{0E6A3982-CC54-4EAC-86E7-FDD2A62AE1CA} = {C8A7D093-F175-4D2E-97E3-DBDDC6A24311}
		{978E0550-3982-4851-84EC-74EF1FE16E94} = {55C33BA7-F822-4EE9-B077-280C455FB8D0}
		{563145FE-FC20-4CE5-B2B3-748129EF9EF8} = {978E0550-3982-4851-84EC-74EF1FE16E94}
		{8BE158F8-4AC2-4645-82A4-2B6F41733021} = {82D9FEDD-5EAF-4593-ADDA-F3CBC037071C}
		{A33A8908-D2AF-4113-893D-31A2EE9ED6B1} = {8BE158F8-4AC2-4645-82A4-2B6F41733021}
		{38F16C83-CCDC-4358-8FD0-73076FB16FD2} = {A33A8908-D2AF-4113-893D-31A2EE9ED6B1}
		{48D39B5A-1D88-43A5-81D6-5420D46584F0} = {65528A22-ACA3-46BE-A241-24EC7A9A5D24}
		{C569894B-6190-47E9-931B-11D41B05E681} = {65528A22-ACA3-46BE-A241-24EC7A9A5D24}
		{771EC8BC-FC12-447D-8889-DC3F85260E0A} = {65528A22-ACA3-46BE-A241-24EC7A9A5D24}
		{5CAD954A-B309-4A0C-9A0C-096901D8415C} = {16CCE95D-25CE-412A-BE56-FF98320DF6C8}
		{ADF206CE-3074-4E50-97FA-F19A08883038} = {16CCE95D-25CE-412A-BE56-FF98320DF6C8}
		{C07241BD-226C-435F-9EAF-347FC2E2A779} = {FFE0F7C5-4D1C-4A5D-8B6A-7C5592C377B3}
	EndGlobalSection
	GlobalSection(ExtensibilityGlobals) = postSolution
		SolutionGuid = {36C9977D-5B73-490E-A58A-833FD8565D76}
	EndGlobalSection
EndGlobal
